PODS:
  - AmazonIVSPlayer (1.19.0)
  - DKImagePickerController/Core (4.3.9):
    - DKImagePickerController/ImageDataManager
    - DKImagePickerController/Resource
  - DKImagePickerController/ImageDataManager (4.3.9)
  - DKImagePickerController/PhotoGallery (4.3.9):
    - DKImagePickerController/Core
    - DKPhotoGallery
  - DKImagePickerController/Resource (4.3.9)
  - DKPhotoGallery (0.0.19):
    - DKPhotoGallery/Core (= 0.0.19)
    - DKPhotoGallery/Model (= 0.0.19)
    - DKPhotoGallery/Preview (= 0.0.19)
    - DKPhotoGallery/Resource (= 0.0.19)
    - SDWebImage
    - SwiftyGif
  - DKPhotoGallery/Core (0.0.19):
    - DKPhotoGallery/Model
    - DKPhotoGallery/Preview
    - SDWebImage
    - SwiftyGif
  - DKPhotoGallery/Model (0.0.19):
    - SDWebImage
    - SwiftyGif
  - DKPhotoGallery/Preview (0.0.19):
    - DKPhotoGallery/Model
    - DKPhotoGallery/Resource
    - SDWebImage
    - SwiftyGif
  - DKPhotoGallery/Resource (0.0.19):
    - SDWebImage
    - SwiftyGif
  - dyte_core_ios (0.0.1):
    - AmazonIVSPlayer (~> 1.19.0)
    - DyteFlutterCoreKMM (~> 1.4.5)
    - Flutter
  - DyteFlutterCoreKMM (1.4.5):
    - DyteWebRTC (= 0.0.4)
  - DyteWebRTC (0.0.4)
  - file_picker (0.0.1):
    - DKImagePickerController/PhotoGallery
    - Flutter
  - Flutter (1.0.0)
  - SDWebImage (5.19.7):
    - SDWebImage/Core (= 5.19.7)
  - SDWebImage/Core (5.19.7)
  - SwiftyGif (5.4.5)

DEPENDENCIES:
  - dyte_core_ios (from `.symlinks/plugins/dyte_core_ios/ios`)
  - file_picker (from `.symlinks/plugins/file_picker/ios`)
  - Flutter (from `Flutter`)

SPEC REPOS:
  trunk:
    - AmazonIVSPlayer
    - DKImagePickerController
    - DKPhotoGallery
    - DyteFlutterCoreKMM
    - DyteWebRTC
    - SDWebImage
    - SwiftyGif

EXTERNAL SOURCES:
  dyte_core_ios:
    :path: ".symlinks/plugins/dyte_core_ios/ios"
  file_picker:
    :path: ".symlinks/plugins/file_picker/ios"
  Flutter:
    :path: Flutter

SPEC CHECKSUMS:
  AmazonIVSPlayer: b9498771b74cd05e93c67dd3844bb4e2c453f2aa
  DKImagePickerController: 946cec48c7873164274ecc4624d19e3da4c1ef3c
  DKPhotoGallery: b3834fecb755ee09a593d7c9e389d8b5d6deed60
  dyte_core_ios: 7f43b0c795719a6c2b5f971d30e7e9e8549b57b9
  DyteFlutterCoreKMM: 0b82fe66aa7c33c34b4000071faa766d181cf125
  DyteWebRTC: a6abe1b2cc3ecf66a2a0adc07ada8d851647cfa6
  file_picker: ce3938a0df3cc1ef404671531facef740d03f920
  Flutter: e0871f40cf51350855a761d2e70bf5af5b9b5de7
  SDWebImage: 8a6b7b160b4d710e2a22b6900e25301075c34cb3
  SwiftyGif: 706c60cf65fa2bc5ee0313beece843c8eb8194d4

PODFILE CHECKSUM: cc1f88378b4bfcf93a6ce00d2c587857c6008d3b

COCOAPODS: 1.12.1
